// !$*UTF8*$!
{
	archiveVersion = 1;
	classes = {
	};
	objectVersion = 77;
	objects = {

/* Begin PBXBuildFile section */
		E2761738300A66E900E79207 /* Sparkle in Frameworks */ = {isa = PBXBuildFile; productRef = E2761737300A66E900E79207 /* Sparkle */; };
		AAAA000000000000000000A4 /* NotificationContract in Frameworks */ = {isa = PBXBuildFile; productRef = AAAA000000000000000000A2 /* NotificationContract */; };
		AAAA000000000000000000A5 /* NotificationContract in Frameworks */ = {isa = PBXBuildFile; productRef = AAAA000000000000000000A3 /* NotificationContract */; };
		CADE00000000000000000015 /* ArgumentParser in Frameworks */ = {isa = PBXBuildFile; productRef = CADE000000000000000000A2 /* ArgumentParser */; };
		CADE00000000000000000016 /* NotificationContract in Frameworks */ = {isa = PBXBuildFile; productRef = CADE000000000000000000A3 /* NotificationContract */; };
		CAFE00000000000000000001 /* dynamicnotch in Embed CLI Tool */ = {isa = PBXBuildFile; fileRef = CADE00000000000000000011 /* dynamicnotch */; settings = {ATTRIBUTES = (CodeSignOnCopy, ); }; };
		E2A100022F90000000000001 /* DynamicNotch/Resources/MediaRemoteAdapter/MediaRemoteAdapter.framework in Embed MediaRemote Adapter */ = {isa = PBXBuildFile; fileRef = E2A100012F90000000000001 /* DynamicNotch/Resources/MediaRemoteAdapter/MediaRemoteAdapter.framework */; settings = {ATTRIBUTES = (CodeSignOnCopy, RemoveHeadersOnCopy, ); }; };
		E2C135B72F59FA8100348421 /* Lottie in Frameworks */ = {isa = PBXBuildFile; productRef = E2C135B62F59FA8100348421 /* Lottie */; };
/* End PBXBuildFile section */

/* Begin PBXContainerItemProxy section */
		F10000000000000000000007 /* PBXContainerItemProxy */ = {
			isa = PBXContainerItemProxy;
			containerPortal = E2EF78492EDDB60E00F96D1E /* Project object */;
			proxyType = 1;
			remoteGlobalIDString = E2EF78502EDDB60E00F96D1E;
			remoteInfo = DynamicNotch;
		};
		F20000000000000000000007 /* PBXContainerItemProxy */ = {
			isa = PBXContainerItemProxy;
			containerPortal = E2EF78492EDDB60E00F96D1E /* Project object */;
			proxyType = 1;
			remoteGlobalIDString = E2EF78502EDDB60E00F96D1E;
			remoteInfo = DynamicNotch;
		};
		CADE0000000000000000001B /* PBXContainerItemProxy */ = {
			isa = PBXContainerItemProxy;
			containerPortal = E2EF78492EDDB60E00F96D1E /* Project object */;
			proxyType = 1;
			remoteGlobalIDString = CADE00000000000000000010;
			remoteInfo = DynamicNotchCLI;
		};
		CAFE00000000000000000003 /* PBXContainerItemProxy */ = {
			isa = PBXContainerItemProxy;
			containerPortal = E2EF78492EDDB60E00F96D1E /* Project object */;
			proxyType = 1;
			remoteGlobalIDString = CADE00000000000000000010;
			remoteInfo = DynamicNotchCLI;
		};
/* End PBXContainerItemProxy section */

/* Begin PBXCopyFilesBuildPhase section */
		E2A100032F90000000000001 /* Embed MediaRemote Adapter */ = {
			isa = PBXCopyFilesBuildPhase;
			buildActionMask = 2147483647;
			dstPath = "";
			dstSubfolderSpec = 10;
			files = (
				E2A100022F90000000000001 /* DynamicNotch/Resources/MediaRemoteAdapter/MediaRemoteAdapter.framework in Embed MediaRemote Adapter */,
			);
			name = "Embed MediaRemote Adapter";
			runOnlyForDeploymentPostprocessing = 0;
		};
		CAFE00000000000000000002 /* Embed CLI Tool */ = {
			isa = PBXCopyFilesBuildPhase;
			buildActionMask = 2147483647;
			dstPath = "Contents/Helpers";
			dstSubfolderSpec = 1;
			files = (
				CAFE00000000000000000001 /* dynamicnotch in Embed CLI Tool */,
			);
			name = "Embed CLI Tool";
			runOnlyForDeploymentPostprocessing = 0;
		};
/* End PBXCopyFilesBuildPhase section */

/* Begin PBXFileReference section */
		E2A100012F90000000000001 /* DynamicNotch/Resources/MediaRemoteAdapter/MediaRemoteAdapter.framework */ = {isa = PBXFileReference; lastKnownFileType = wrapper.framework; path = DynamicNotch/Resources/MediaRemoteAdapter/MediaRemoteAdapter.framework; sourceTree = "<group>"; };
		E2EF78512EDDB60E00F96D1E /* DynamicNotch.app */ = {isa = PBXFileReference; explicitFileType = wrapper.application; includeInIndex = 0; path = DynamicNotch.app; sourceTree = BUILT_PRODUCTS_DIR; };
		F10000000000000000000001 /* DynamicNotchTests.xctest */ = {isa = PBXFileReference; explicitFileType = wrapper.cfbundle; includeInIndex = 0; path = DynamicNotchTests.xctest; sourceTree = BUILT_PRODUCTS_DIR; };
		F20000000000000000000001 /* DynamicNotchUITests.xctest */ = {isa = PBXFileReference; explicitFileType = wrapper.cfbundle; includeInIndex = 0; path = DynamicNotchUITests.xctest; sourceTree = BUILT_PRODUCTS_DIR; };
		CADE00000000000000000011 /* dynamicnotch */ = {isa = PBXFileReference; explicitFileType = "compiled.mach-o.executable"; includeInIndex = 0; path = dynamicnotch; sourceTree = BUILT_PRODUCTS_DIR; };
/* End PBXFileReference section */

/* Begin PBXFileSystemSynchronizedBuildFileExceptionSet section */
		E249F57A2F69D18300EAE72A /* Exceptions for "DynamicNotch" folder in "DynamicNotchTests" target */ = {
			isa = PBXFileSystemSynchronizedBuildFileExceptionSet;
			membershipExceptions = (
				Resources/LottieImage/confirm.json,
				Resources/LottieImage/money.json,
				Resources/LottieImage/star.json,
				Resources/LottieImage/telegram.json,
				Resources/Sounds/DynamicNotch_lock.caf,
				Resources/Sounds/DynamicNotch_unlock.caf,
				Resources/Sounds/LowBatterySound.mp3,
			);
			target = F10000000000000000000006 /* DynamicNotchTests */;
		};
		E249F57B2F69D18300EAE72A /* Exceptions for "DynamicNotch" folder in "DynamicNotchUITests" target */ = {
			isa = PBXFileSystemSynchronizedBuildFileExceptionSet;
			membershipExceptions = (
				Resources/LottieImage/confirm.json,
				Resources/LottieImage/money.json,
				Resources/LottieImage/star.json,
				Resources/LottieImage/telegram.json,
				Resources/Sounds/DynamicNotch_lock.caf,
				Resources/Sounds/DynamicNotch_unlock.caf,
				Resources/Sounds/LowBatterySound.mp3,
			);
			target = F20000000000000000000006 /* DynamicNotchUITests */;
		};
		E28957712F427D5B0025B0C8 /* Exceptions for "DynamicNotch" folder in "DynamicNotch" target */ = {
			isa = PBXFileSystemSynchronizedBuildFileExceptionSet;
			membershipExceptions = (
				Application/Info.plist,
				Resources/MediaRemoteAdapter/MediaRemoteAdapter.framework,
			);
			target = E2EF78502EDDB60E00F96D1E /* DynamicNotch */;
		};
/* End PBXFileSystemSynchronizedBuildFileExceptionSet section */

/* Begin PBXFileSystemSynchronizedRootGroup section */
		E2EF78532EDDB60E00F96D1E /* DynamicNotch */ = {
			isa = PBXFileSystemSynchronizedRootGroup;
			exceptions = (
				E28957712F427D5B0025B0C8 /* Exceptions for "DynamicNotch" folder in "DynamicNotch" target */,
				E249F57A2F69D18300EAE72A /* Exceptions for "DynamicNotch" folder in "DynamicNotchTests" target */,
				E249F57B2F69D18300EAE72A /* Exceptions for "DynamicNotch" folder in "DynamicNotchUITests" target */,
			);
			path = DynamicNotch;
			sourceTree = "<group>";
		};
		F10000000000000000000002 /* DynamicNotchTests */ = {
			isa = PBXFileSystemSynchronizedRootGroup;
			path = DynamicNotchTests;
			sourceTree = "<group>";
		};
		F20000000000000000000002 /* DynamicNotchUITests */ = {
			isa = PBXFileSystemSynchronizedRootGroup;
			path = DynamicNotchUITests;
			sourceTree = "<group>";
		};
		CADE00000000000000000012 /* CLI */ = {
			isa = PBXFileSystemSynchronizedRootGroup;
			path = CLI;
			sourceTree = "<group>";
		};
/* End PBXFileSystemSynchronizedRootGroup section */

/* Begin PBXFrameworksBuildPhase section */
		E2EF784E2EDDB60E00F96D1E /* Frameworks */ = {
			isa = PBXFrameworksBuildPhase;
			buildActionMask = 2147483647;
			files = (
				E2761738300A66E900E79207 /* Sparkle in Frameworks */,
				E2C135B72F59FA8100348421 /* Lottie in Frameworks */,
				AAAA000000000000000000A4 /* NotificationContract in Frameworks */,
			);
			runOnlyForDeploymentPostprocessing = 0;
		};
		F10000000000000000000003 /* Frameworks */ = {
			isa = PBXFrameworksBuildPhase;
			buildActionMask = 2147483647;
			files = (
				AAAA000000000000000000A5 /* NotificationContract in Frameworks */,
			);
			runOnlyForDeploymentPostprocessing = 0;
		};
		F20000000000000000000003 /* Frameworks */ = {
			isa = PBXFrameworksBuildPhase;
			buildActionMask = 2147483647;
			files = (
			);
			runOnlyForDeploymentPostprocessing = 0;
		};
		CADE00000000000000000014 /* Frameworks */ = {
			isa = PBXFrameworksBuildPhase;
			buildActionMask = 2147483647;
			files = (
				CADE00000000000000000015 /* ArgumentParser in Frameworks */,
				CADE00000000000000000016 /* NotificationContract in Frameworks */,
			);
			runOnlyForDeploymentPostprocessing = 0;
		};
/* End PBXFrameworksBuildPhase section */

/* Begin PBXGroup section */
		E259C11B2F9D265D0016657D /* Recovered References */ = {
			isa = PBXGroup;
			children = (
				E2A100012F90000000000001 /* DynamicNotch/Resources/MediaRemoteAdapter/MediaRemoteAdapter.framework */,
			);
			name = "Recovered References";
			sourceTree = "<group>";
		};
		E2EF78482EDDB60E00F96D1E = {
			isa = PBXGroup;
			children = (
				E2EF78532EDDB60E00F96D1E /* DynamicNotch */,
				CADE00000000000000000012 /* CLI */,
				F10000000000000000000002 /* DynamicNotchTests */,
				F20000000000000000000002 /* DynamicNotchUITests */,
				E2EF78522EDDB60E00F96D1E /* Products */,
				E259C11B2F9D265D0016657D /* Recovered References */,
			);
			sourceTree = "<group>";
		};
		E2EF78522EDDB60E00F96D1E /* Products */ = {
			isa = PBXGroup;
			children = (
				E2EF78512EDDB60E00F96D1E /* DynamicNotch.app */,
				F10000000000000000000001 /* DynamicNotchTests.xctest */,
				F20000000000000000000001 /* DynamicNotchUITests.xctest */,
				CADE00000000000000000011 /* dynamicnotch */,
			);
			name = Products;
			sourceTree = "<group>";
		};
/* End PBXGroup section */

/* Begin PBXNativeTarget section */
		E2EF78502EDDB60E00F96D1E /* DynamicNotch */ = {
			isa = PBXNativeTarget;
			buildConfigurationList = E2EF785C2EDDB61000F96D1E /* Build configuration list for PBXNativeTarget "DynamicNotch" */;
			buildPhases = (
				E2EF784D2EDDB60E00F96D1E /* Sources */,
				E2EF784E2EDDB60E00F96D1E /* Frameworks */,
				E2A100032F90000000000001 /* Embed MediaRemote Adapter */,
				CAFE00000000000000000002 /* Embed CLI Tool */,
				E2EF784F2EDDB60E00F96D1E /* Resources */,
				E2C1A0013000000000000001 /* Remove Stale XCTest Bundles */,
			);
			buildRules = (
			);
			dependencies = (
				CAFE00000000000000000004 /* PBXTargetDependency */,
			);
			fileSystemSynchronizedGroups = (
				E2EF78532EDDB60E00F96D1E /* DynamicNotch */,
			);
			name = DynamicNotch;
			packageProductDependencies = (
				E2C135B62F59FA8100348421 /* Lottie */,
				E2761737300A66E900E79207 /* Sparkle */,
				AAAA000000000000000000A2 /* NotificationContract */,
			);
			productName = DynamicNotch;
			productReference = E2EF78512EDDB60E00F96D1E /* DynamicNotch.app */;
			productType = "com.apple.product-type.application";
		};
		F10000000000000000000006 /* DynamicNotchTests */ = {
			isa = PBXNativeTarget;
			buildConfigurationList = F1000000000000000000000B /* Build configuration list for PBXNativeTarget "DynamicNotchTests" */;
			buildPhases = (
				F10000000000000000000004 /* Sources */,
				F10000000000000000000003 /* Frameworks */,
				F10000000000000000000005 /* Resources */,
			);
			buildRules = (
			);
			dependencies = (
				F10000000000000000000008 /* PBXTargetDependency */,
				CADE0000000000000000001A /* PBXTargetDependency */,
			);
			fileSystemSynchronizedGroups = (
				F10000000000000000000002 /* DynamicNotchTests */,
			);
			name = DynamicNotchTests;
			packageProductDependencies = (
				AAAA000000000000000000A3 /* NotificationContract */,
			);
			productName = DynamicNotchTests;
			productReference = F10000000000000000000001 /* DynamicNotchTests.xctest */;
			productType = "com.apple.product-type.bundle.unit-test";
		};
		F20000000000000000000006 /* DynamicNotchUITests */ = {
			isa = PBXNativeTarget;
			buildConfigurationList = F2000000000000000000000B /* Build configuration list for PBXNativeTarget "DynamicNotchUITests" */;
			buildPhases = (
				F20000000000000000000004 /* Sources */,
				F20000000000000000000003 /* Frameworks */,
				F20000000000000000000005 /* Resources */,
			);
			buildRules = (
			);
			dependencies = (
				F20000000000000000000008 /* PBXTargetDependency */,
			);
			fileSystemSynchronizedGroups = (
				F20000000000000000000002 /* DynamicNotchUITests */,
			);
			name = DynamicNotchUITests;
			packageProductDependencies = (
			);
			productName = DynamicNotchUITests;
			productReference = F20000000000000000000001 /* DynamicNotchUITests.xctest */;
			productType = "com.apple.product-type.bundle.ui-testing";
		};
		CADE00000000000000000010 /* DynamicNotchCLI */ = {
			isa = PBXNativeTarget;
			buildConfigurationList = CADE00000000000000000017 /* Build configuration list for PBXNativeTarget "DynamicNotchCLI" */;
			buildPhases = (
				CADE00000000000000000013 /* Sources */,
				CADE00000000000000000014 /* Frameworks */,
			);
			buildRules = (
			);
			dependencies = (
			);
			fileSystemSynchronizedGroups = (
				CADE00000000000000000012 /* CLI */,
			);
			name = DynamicNotchCLI;
			packageProductDependencies = (
				CADE000000000000000000A2 /* ArgumentParser */,
				CADE000000000000000000A3 /* NotificationContract */,
			);
			productName = DynamicNotchCLI;
			productReference = CADE00000000000000000011 /* dynamicnotch */;
			productType = "com.apple.product-type.tool";
		};
/* End PBXNativeTarget section */

/* Begin PBXProject section */
		E2EF78492EDDB60E00F96D1E /* Project object */ = {
			isa = PBXProject;
			attributes = {
				BuildIndependentTargetsInParallel = 1;
				LastSwiftUpdateCheck = 2600;
				LastUpgradeCheck = 2660;
				TargetAttributes = {
					E2EF78502EDDB60E00F96D1E = {
						CreatedOnToolsVersion = 26.0;
					};
					F10000000000000000000006 = {
						CreatedOnToolsVersion = 26.0;
						TestTargetID = E2EF78502EDDB60E00F96D1E;
					};
					F20000000000000000000006 = {
						CreatedOnToolsVersion = 26.0;
						TestTargetID = E2EF78502EDDB60E00F96D1E;
					};
				};
			};
			buildConfigurationList = E2EF784C2EDDB60E00F96D1E /* Build configuration list for PBXProject "DynamicNotch" */;
			developmentRegion = en;
			hasScannedForEncodings = 0;
			knownRegions = (
				en,
				es,
				Base,
				ru,
				"zh-Hans",
			);
			mainGroup = E2EF78482EDDB60E00F96D1E;
			minimizedProjectReferenceProxies = 1;
			packageReferences = (
				E2C135B52F59FA8100348421 /* XCRemoteSwiftPackageReference "lottie-ios" */,
				E2761736300A66E900E79207 /* XCRemoteSwiftPackageReference "Sparkle" */,
				AAAA000000000000000000A1 /* XCLocalSwiftPackageReference "NotificationContract" */,
				CADE000000000000000000A1 /* XCRemoteSwiftPackageReference "swift-argument-parser" */,
			);
			preferredProjectObjectVersion = 77;
			productRefGroup = E2EF78522EDDB60E00F96D1E /* Products */;
			projectDirPath = "";
			projectRoot = "";
			targets = (
				E2EF78502EDDB60E00F96D1E /* DynamicNotch */,
				CADE00000000000000000010 /* DynamicNotchCLI */,
				F10000000000000000000006 /* DynamicNotchTests */,
				F20000000000000000000006 /* DynamicNotchUITests */,
			);
		};
/* End PBXProject section */

/* Begin PBXResourcesBuildPhase section */
		E2EF784F2EDDB60E00F96D1E /* Resources */ = {
			isa = PBXResourcesBuildPhase;
			buildActionMask = 2147483647;
			files = (
			);
			runOnlyForDeploymentPostprocessing = 0;
		};
		F10000000000000000000005 /* Resources */ = {
			isa = PBXResourcesBuildPhase;
			buildActionMask = 2147483647;
			files = (
			);
			runOnlyForDeploymentPostprocessing = 0;
		};
		F20000000000000000000005 /* Resources */ = {
			isa = PBXResourcesBuildPhase;
			buildActionMask = 2147483647;
			files = (
			);
			runOnlyForDeploymentPostprocessing = 0;
		};
/* End PBXResourcesBuildPhase section */

/* Begin PBXShellScriptBuildPhase section */
		E2C1A0013000000000000001 /* Remove Stale XCTest Bundles */ = {
			isa = PBXShellScriptBuildPhase;
			alwaysOutOfDate = 1;
			buildActionMask = 2147483647;
			files = (
			);
			inputFileListPaths = (
			);
			inputPaths = (
			);
			name = "Remove Stale XCTest Bundles";
			outputFileListPaths = (
			);
			outputPaths = (
			);
			runOnlyForDeploymentPostprocessing = 0;
			shellPath = /bin/sh;
			shellScript = "PLUGINS_DIR=\"$TARGET_BUILD_DIR/$WRAPPER_NAME/Contents/PlugIns\"\nif [ -d \"$PLUGINS_DIR\" ]; then\n  for stale_bundle in \"$PLUGINS_DIR\"/*.xctest \"$PLUGINS_DIR\"/*.xctestproducts; do\n    [ -e \"$stale_bundle\" ] || continue\n    rm -rf \"$stale_bundle\"\n  done\nfi\n";
		};
/* End PBXShellScriptBuildPhase section */

/* Begin PBXSourcesBuildPhase section */
		E2EF784D2EDDB60E00F96D1E /* Sources */ = {
			isa = PBXSourcesBuildPhase;
			buildActionMask = 2147483647;
			files = (
			);
			runOnlyForDeploymentPostprocessing = 0;
		};
		F10000000000000000000004 /* Sources */ = {
			isa = PBXSourcesBuildPhase;
			buildActionMask = 2147483647;
			files = (
			);
			runOnlyForDeploymentPostprocessing = 0;
		};
		F20000000000000000000004 /* Sources */ = {
			isa = PBXSourcesBuildPhase;
			buildActionMask = 2147483647;
			files = (
			);
			runOnlyForDeploymentPostprocessing = 0;
		};
		CADE00000000000000000013 /* Sources */ = {
			isa = PBXSourcesBuildPhase;
			buildActionMask = 2147483647;
			files = (
			);
			runOnlyForDeploymentPostprocessing = 0;
		};
/* End PBXSourcesBuildPhase section */

/* Begin PBXTargetDependency section */
		F10000000000000000000008 /* PBXTargetDependency */ = {
			isa = PBXTargetDependency;
			target = E2EF78502EDDB60E00F96D1E /* DynamicNotch */;
			targetProxy = F10000000000000000000007 /* PBXContainerItemProxy */;
		};
		F20000000000000000000008 /* PBXTargetDependency */ = {
			isa = PBXTargetDependency;
			target = E2EF78502EDDB60E00F96D1E /* DynamicNotch */;
			targetProxy = F20000000000000000000007 /* PBXContainerItemProxy */;
		};
		CADE0000000000000000001A /* PBXTargetDependency */ = {
			isa = PBXTargetDependency;
			target = CADE00000000000000000010 /* DynamicNotchCLI */;
			targetProxy = CADE0000000000000000001B /* PBXContainerItemProxy */;
		};
		CAFE00000000000000000004 /* PBXTargetDependency */ = {
			isa = PBXTargetDependency;
			target = CADE00000000000000000010 /* DynamicNotchCLI */;
			targetProxy = CAFE00000000000000000003 /* PBXContainerItemProxy */;
		};
/* End PBXTargetDependency section */

/* Begin XCBuildConfiguration section */
		E2EF785A2EDDB61000F96D1E /* Debug */ = {
			isa = XCBuildConfiguration;
			buildSettings = {
				ALWAYS_SEARCH_USER_PATHS = NO;
				ASSETCATALOG_COMPILER_GENERATE_SWIFT_ASSET_SYMBOL_EXTENSIONS = YES;
				CLANG_ANALYZER_LOCALIZABILITY_NONLOCALIZED = YES;
				CLANG_ANALYZER_NONNULL = YES;
				CLANG_ANALYZER_NUMBER_OBJECT_CONVERSION = YES_AGGRESSIVE;
				CLANG_CXX_LANGUAGE_STANDARD = "gnu++20";
				CLANG_ENABLE_MODULES = YES;
				CLANG_ENABLE_OBJC_ARC = YES;
				CLANG_ENABLE_OBJC_WEAK = YES;
				CLANG_WARN_BLOCK_CAPTURE_AUTORELEASING = YES;
				CLANG_WARN_BOOL_CONVERSION = YES;
				CLANG_WARN_COMMA = YES;
				CLANG_WARN_CONSTANT_CONVERSION = YES;
				CLANG_WARN_DEPRECATED_OBJC_IMPLEMENTATIONS = YES;
				CLANG_WARN_DIRECT_OBJC_ISA_USAGE = YES_ERROR;
				CLANG_WARN_DOCUMENTATION_COMMENTS = YES;
				CLANG_WARN_EMPTY_BODY = YES;
				CLANG_WARN_ENUM_CONVERSION = YES;
				CLANG_WARN_INFINITE_RECURSION = YES;
				CLANG_WARN_INT_CONVERSION = YES;
				CLANG_WARN_NON_LITERAL_NULL_CONVERSION = YES;
				CLANG_WARN_OBJC_IMPLICIT_RETAIN_SELF = YES;
				CLANG_WARN_OBJC_LITERAL_CONVERSION = YES;
				CLANG_WARN_OBJC_ROOT_CLASS = YES_ERROR;
				CLANG_WARN_QUOTED_INCLUDE_IN_FRAMEWORK_HEADER = YES;
				CLANG_WARN_RANGE_LOOP_ANALYSIS = YES;
				CLANG_WARN_STRICT_PROTOTYPES = YES;
				CLANG_WARN_SUSPICIOUS_MOVE = YES;
				CLANG_WARN_UNGUARDED_AVAILABILITY = YES_AGGRESSIVE;
				CLANG_WARN_UNREACHABLE_CODE = YES;
				CLANG_WARN__DUPLICATE_METHOD_MATCH = YES;
				COPY_PHASE_STRIP = NO;
				DEAD_CODE_STRIPPING = YES;
				DEBUG_INFORMATION_FORMAT = dwarf;
				DEVELOPMENT_TEAM = WZHZ6LB2F6;
				ENABLE_STRICT_OBJC_MSGSEND = YES;
				ENABLE_TESTABILITY = YES;
				ENABLE_USER_SCRIPT_SANDBOXING = YES;
				GCC_C_LANGUAGE_STANDARD = gnu17;
				GCC_DYNAMIC_NO_PIC = NO;
				GCC_NO_COMMON_BLOCKS = YES;
				GCC_OPTIMIZATION_LEVEL = 0;
				GCC_PREPROCESSOR_DEFINITIONS = (
					"DEBUG=1",
					"$(inherited)",
				);
				GCC_WARN_64_TO_32_BIT_CONVERSION = YES;
				GCC_WARN_ABOUT_RETURN_TYPE = YES_ERROR;
				GCC_WARN_UNDECLARED_SELECTOR = YES;
				GCC_WARN_UNINITIALIZED_AUTOS = YES_AGGRESSIVE;
				GCC_WARN_UNUSED_FUNCTION = YES;
				GCC_WARN_UNUSED_VARIABLE = YES;
				LOCALIZATION_PREFERS_STRING_CATALOGS = YES;
				MACOSX_DEPLOYMENT_TARGET = 26.0;
				MTL_ENABLE_DEBUG_INFO = INCLUDE_SOURCE;
				MTL_FAST_MATH = YES;
				ONLY_ACTIVE_ARCH = YES;
				OTHER_LDFLAGS = "";
				SDKROOT = macosx;
				STRING_CATALOG_GENERATE_SYMBOLS = YES;
				SWIFT_ACTIVE_COMPILATION_CONDITIONS = "DEBUG $(inherited)";
				SWIFT_EMIT_LOC_STRINGS = YES;
				SWIFT_OPTIMIZATION_LEVEL = "-Onone";
			};
			name = Debug;
		};
		E2EF785B2EDDB61000F96D1E /* Release */ = {
			isa = XCBuildConfiguration;
			buildSettings = {
				ALWAYS_SEARCH_USER_PATHS = NO;
				ASSETCATALOG_COMPILER_GENERATE_SWIFT_ASSET_SYMBOL_EXTENSIONS = YES;
				CLANG_ANALYZER_LOCALIZABILITY_NONLOCALIZED = YES;
				CLANG_ANALYZER_NONNULL = YES;
				CLANG_ANALYZER_NUMBER_OBJECT_CONVERSION = YES_AGGRESSIVE;
				CLANG_CXX_LANGUAGE_STANDARD = "gnu++20";
				CLANG_ENABLE_MODULES = YES;
				CLANG_ENABLE_OBJC_ARC = YES;
				CLANG_ENABLE_OBJC_WEAK = YES;
				CLANG_WARN_BLOCK_CAPTURE_AUTORELEASING = YES;
				CLANG_WARN_BOOL_CONVERSION = YES;
				CLANG_WARN_COMMA = YES;
				CLANG_WARN_CONSTANT_CONVERSION = YES;
				CLANG_WARN_DEPRECATED_OBJC_IMPLEMENTATIONS = YES;
				CLANG_WARN_DIRECT_OBJC_ISA_USAGE = YES_ERROR;
				CLANG_WARN_DOCUMENTATION_COMMENTS = YES;
				CLANG_WARN_EMPTY_BODY = YES;
				CLANG_WARN_ENUM_CONVERSION = YES;
				CLANG_WARN_INFINITE_RECURSION = YES;
				CLANG_WARN_INT_CONVERSION = YES;
				CLANG_WARN_NON_LITERAL_NULL_CONVERSION = YES;
				CLANG_WARN_OBJC_IMPLICIT_RETAIN_SELF = YES;
				CLANG_WARN_OBJC_LITERAL_CONVERSION = YES;
				CLANG_WARN_OBJC_ROOT_CLASS = YES_ERROR;
				CLANG_WARN_QUOTED_INCLUDE_IN_FRAMEWORK_HEADER = YES;
				CLANG_WARN_RANGE_LOOP_ANALYSIS = YES;
				CLANG_WARN_STRICT_PROTOTYPES = YES;
				CLANG_WARN_SUSPICIOUS_MOVE = YES;
				CLANG_WARN_UNGUARDED_AVAILABILITY = YES_AGGRESSIVE;
				CLANG_WARN_UNREACHABLE_CODE = YES;
				CLANG_WARN__DUPLICATE_METHOD_MATCH = YES;
				COPY_PHASE_STRIP = NO;
				DEAD_CODE_STRIPPING = YES;
				DEBUG_INFORMATION_FORMAT = "dwarf-with-dsym";
				DEVELOPMENT_TEAM = WZHZ6LB2F6;
				ENABLE_NS_ASSERTIONS = NO;
				ENABLE_STRICT_OBJC_MSGSEND = YES;
				ENABLE_USER_SCRIPT_SANDBOXING = YES;
				GCC_C_LANGUAGE_STANDARD = gnu17;
				GCC_NO_COMMON_BLOCKS = YES;
				GCC_OPTIMIZATION_LEVEL = 0;
				GCC_WARN_64_TO_32_BIT_CONVERSION = YES;
				GCC_WARN_ABOUT_RETURN_TYPE = YES_ERROR;
				GCC_WARN_UNDECLARED_SELECTOR = YES;
				GCC_WARN_UNINITIALIZED_AUTOS = YES_AGGRESSIVE;
				GCC_WARN_UNUSED_FUNCTION = YES;
				GCC_WARN_UNUSED_VARIABLE = YES;
				LOCALIZATION_PREFERS_STRING_CATALOGS = YES;
				MACOSX_DEPLOYMENT_TARGET = 26.0;
				MTL_ENABLE_DEBUG_INFO = NO;
				MTL_FAST_MATH = YES;
				OTHER_LDFLAGS = "";
				"OTHER_LDFLAGS[arch=*]" = "";
				SDKROOT = macosx;
				STRING_CATALOG_GENERATE_SYMBOLS = YES;
				SWIFT_COMPILATION_MODE = wholemodule;
				SWIFT_EMIT_LOC_STRINGS = YES;
			};
			name = Release;
		};
		E2EF785D2EDDB61000F96D1E /* Debug */ = {
			isa = XCBuildConfiguration;
			buildSettings = {
				ASSETCATALOG_COMPILER_APPICON_NAME = AppIcon;
				ASSETCATALOG_COMPILER_GLOBAL_ACCENT_COLOR_NAME = AccentColor;
				AUTOMATION_APPLE_EVENTS = YES;
				CODE_SIGN_ENTITLEMENTS = DynamicNotch/Application/DynamicNotch.entitlements;
				"CODE_SIGN_IDENTITY[sdk=macosx*]" = "-";
				CODE_SIGN_STYLE = Manual;
				COMBINE_HIDPI_IMAGES = YES;
				CURRENT_PROJECT_VERSION = 1;
				DEAD_CODE_STRIPPING = YES;
				DEVELOPMENT_TEAM = "";
				ENABLE_APP_SANDBOX = NO;
				ENABLE_HARDENED_RUNTIME = YES;
				ENABLE_PREVIEWS = YES;
				ENABLE_RESOURCE_ACCESS_AUDIO_INPUT = NO;
				ENABLE_RESOURCE_ACCESS_CALENDARS = NO;
				ENABLE_RESOURCE_ACCESS_CAMERA = NO;
				ENABLE_RESOURCE_ACCESS_CONTACTS = NO;
				ENABLE_RESOURCE_ACCESS_LOCATION = NO;
				ENABLE_RESOURCE_ACCESS_PHOTO_LIBRARY = YES;
				FRAMEWORK_SEARCH_PATHS = (
					"$(inherited)",
					"$(PROJECT_DIR)/DynamicNotch/Resources/MediaRemoteAdapter",
				);
				GENERATE_INFOPLIST_FILE = YES;
				INFOPLIST_FILE = DynamicNotch/Application/Info.plist;
				INFOPLIST_KEY_LSApplicationCategoryType = "public.app-category.utilities";
				INFOPLIST_KEY_NSAppleEventsUsageDescription = "We need access to media data for display in Notch.";
				INFOPLIST_KEY_NSBluetoothAlwaysUsageDescription = "The app requires Bluetooth access to check the status of devices.";
				INFOPLIST_KEY_NSHumanReadableCopyright = "";
				INFOPLIST_KEY_NSLocalNetworkUsageDescription = "The app requires access to your location to determine the name of your current Wi-Fi network.";
				LD_RUNPATH_SEARCH_PATHS = (
					"$(inherited)",
					"@executable_path/../Frameworks",
				);
				MACOSX_DEPLOYMENT_TARGET = 14.6;
				MARKETING_VERSION = 1.6.1;
				PRODUCT_BUNDLE_IDENTIFIER = com.Jackson.DynamicNotch;
				PRODUCT_NAME = "$(TARGET_NAME)";
				PROVISIONING_PROFILE_SPECIFIER = "";
				REGISTER_APP_GROUPS = YES;
				RUNTIME_EXCEPTION_ALLOW_DYLD_ENVIRONMENT_VARIABLES = NO;
				RUNTIME_EXCEPTION_ALLOW_JIT = NO;
				RUNTIME_EXCEPTION_ALLOW_UNSIGNED_EXECUTABLE_MEMORY = NO;
				RUNTIME_EXCEPTION_DEBUGGING_TOOL = NO;
				RUNTIME_EXCEPTION_DISABLE_EXECUTABLE_PAGE_PROTECTION = NO;
				RUNTIME_EXCEPTION_DISABLE_LIBRARY_VALIDATION = NO;
				STRING_CATALOG_GENERATE_SYMBOLS = YES;
				SWIFT_APPROACHABLE_CONCURRENCY = YES;
				SWIFT_DEFAULT_ACTOR_ISOLATION = MainActor;
				SWIFT_EMIT_LOC_STRINGS = YES;
				SWIFT_UPCOMING_FEATURE_MEMBER_IMPORT_VISIBILITY = YES;
				SWIFT_VERSION = 5.0;
			};
			name = Debug;
		};
		E2EF785E2EDDB61000F96D1E /* Release */ = {
			isa = XCBuildConfiguration;
			buildSettings = {
				ASSETCATALOG_COMPILER_APPICON_NAME = AppIcon;
				ASSETCATALOG_COMPILER_GLOBAL_ACCENT_COLOR_NAME = AccentColor;
				AUTOMATION_APPLE_EVENTS = YES;
				CODE_SIGN_ENTITLEMENTS = DynamicNotch/Application/DynamicNotch.entitlements;
				"CODE_SIGN_IDENTITY[sdk=macosx*]" = "-";
				CODE_SIGN_STYLE = Manual;
				COMBINE_HIDPI_IMAGES = YES;
				CURRENT_PROJECT_VERSION = 1;
				DEAD_CODE_STRIPPING = YES;
				DEVELOPMENT_TEAM = "";
				ENABLE_APP_SANDBOX = NO;
				ENABLE_HARDENED_RUNTIME = YES;
				ENABLE_PREVIEWS = YES;
				ENABLE_RESOURCE_ACCESS_AUDIO_INPUT = NO;
				ENABLE_RESOURCE_ACCESS_CALENDARS = NO;
				ENABLE_RESOURCE_ACCESS_CAMERA = NO;
				ENABLE_RESOURCE_ACCESS_CONTACTS = NO;
				ENABLE_RESOURCE_ACCESS_LOCATION = NO;
				ENABLE_RESOURCE_ACCESS_PHOTO_LIBRARY = YES;
				FRAMEWORK_SEARCH_PATHS = (
					"$(inherited)",
					"$(PROJECT_DIR)/DynamicNotch/Resources/MediaRemoteAdapter",
				);
				GENERATE_INFOPLIST_FILE = YES;
				INFOPLIST_FILE = DynamicNotch/Application/Info.plist;
				INFOPLIST_KEY_LSApplicationCategoryType = "public.app-category.utilities";
				INFOPLIST_KEY_NSAppleEventsUsageDescription = "We need access to media data for display in Notch.";
				INFOPLIST_KEY_NSBluetoothAlwaysUsageDescription = "The app requires Bluetooth access to check the status of devices.";
				INFOPLIST_KEY_NSHumanReadableCopyright = "";
				INFOPLIST_KEY_NSLocalNetworkUsageDescription = "The app requires access to your location to determine the name of your current Wi-Fi network.";
				LD_RUNPATH_SEARCH_PATHS = (
					"$(inherited)",
					"@executable_path/../Frameworks",
				);
				MACOSX_DEPLOYMENT_TARGET = 14.6;
				MARKETING_VERSION = 1.6.1;
				PRODUCT_BUNDLE_IDENTIFIER = com.Jackson.DynamicNotch;
				PRODUCT_NAME = "$(TARGET_NAME)";
				PROVISIONING_PROFILE_SPECIFIER = "";
				REGISTER_APP_GROUPS = YES;
				RUNTIME_EXCEPTION_ALLOW_DYLD_ENVIRONMENT_VARIABLES = NO;
				RUNTIME_EXCEPTION_ALLOW_JIT = NO;
				RUNTIME_EXCEPTION_ALLOW_UNSIGNED_EXECUTABLE_MEMORY = NO;
				RUNTIME_EXCEPTION_DEBUGGING_TOOL = NO;
				RUNTIME_EXCEPTION_DISABLE_EXECUTABLE_PAGE_PROTECTION = NO;
				RUNTIME_EXCEPTION_DISABLE_LIBRARY_VALIDATION = NO;
				STRING_CATALOG_GENERATE_SYMBOLS = YES;
				SWIFT_APPROACHABLE_CONCURRENCY = YES;
				SWIFT_DEFAULT_ACTOR_ISOLATION = MainActor;
				SWIFT_EMIT_LOC_STRINGS = YES;
				SWIFT_UPCOMING_FEATURE_MEMBER_IMPORT_VISIBILITY = YES;
				SWIFT_VERSION = 5.0;
			};
			name = Release;
		};
		F10000000000000000000009 /* Debug */ = {
			isa = XCBuildConfiguration;
			buildSettings = {
				BUNDLE_LOADER = "$(TEST_HOST)";
				"CODE_SIGN_IDENTITY[sdk=macosx*]" = "Apple Development";
				CODE_SIGN_STYLE = Automatic;
				COMBINE_HIDPI_IMAGES = YES;
				CURRENT_PROJECT_VERSION = 1;
				DEAD_CODE_STRIPPING = YES;
				DEVELOPMENT_TEAM = "";
				GENERATE_INFOPLIST_FILE = YES;
				INFOPLIST_KEY_CFBundlePackageType = BNDL;
				LD_RUNPATH_SEARCH_PATHS = (
					"$(inherited)",
					"@executable_path/../Frameworks",
					"@loader_path/../Frameworks",
				);
				MACOSX_DEPLOYMENT_TARGET = 15.6;
				PRODUCT_BUNDLE_IDENTIFIER = com.Jackson.DynamicNotchTests;
				PRODUCT_NAME = "$(TARGET_NAME)";
				SWIFT_APPROACHABLE_CONCURRENCY = YES;
				SWIFT_EMIT_LOC_STRINGS = NO;
				SWIFT_UPCOMING_FEATURE_MEMBER_IMPORT_VISIBILITY = YES;
				SWIFT_VERSION = 5.0;
				TEST_HOST = "$(BUILT_PRODUCTS_DIR)/DynamicNotch.app/Contents/MacOS/DynamicNotch";
				TEST_TARGET_NAME = DynamicNotch;
			};
			name = Debug;
		};
		F1000000000000000000000A /* Release */ = {
			isa = XCBuildConfiguration;
			buildSettings = {
				BUNDLE_LOADER = "$(TEST_HOST)";
				"CODE_SIGN_IDENTITY[sdk=macosx*]" = "Apple Development";
				CODE_SIGN_STYLE = Automatic;
				COMBINE_HIDPI_IMAGES = YES;
				CURRENT_PROJECT_VERSION = 1;
				DEAD_CODE_STRIPPING = YES;
				DEVELOPMENT_TEAM = "";
				GENERATE_INFOPLIST_FILE = YES;
				INFOPLIST_KEY_CFBundlePackageType = BNDL;
				LD_RUNPATH_SEARCH_PATHS = (
					"$(inherited)",
					"@executable_path/../Frameworks",
					"@loader_path/../Frameworks",
				);
				MACOSX_DEPLOYMENT_TARGET = 15.6;
				PRODUCT_BUNDLE_IDENTIFIER = com.Jackson.DynamicNotchTests;
				PRODUCT_NAME = "$(TARGET_NAME)";
				SWIFT_APPROACHABLE_CONCURRENCY = YES;
				SWIFT_EMIT_LOC_STRINGS = NO;
				SWIFT_UPCOMING_FEATURE_MEMBER_IMPORT_VISIBILITY = YES;
				SWIFT_VERSION = 5.0;
				TEST_HOST = "$(BUILT_PRODUCTS_DIR)/DynamicNotch.app/Contents/MacOS/DynamicNotch";
				TEST_TARGET_NAME = DynamicNotch;
			};
			name = Release;
		};
		F20000000000000000000009 /* Debug */ = {
			isa = XCBuildConfiguration;
			buildSettings = {
				"CODE_SIGN_IDENTITY[sdk=macosx*]" = "Apple Development";
				CODE_SIGN_STYLE = Automatic;
				COMBINE_HIDPI_IMAGES = YES;
				CURRENT_PROJECT_VERSION = 1;
				DEAD_CODE_STRIPPING = YES;
				DEVELOPMENT_TEAM = "";
				GENERATE_INFOPLIST_FILE = YES;
				INFOPLIST_KEY_CFBundlePackageType = BNDL;
				MACOSX_DEPLOYMENT_TARGET = 15.6;
				PRODUCT_BUNDLE_IDENTIFIER = com.Jackson.DynamicNotchUITests;
				PRODUCT_NAME = "$(TARGET_NAME)";
				SWIFT_APPROACHABLE_CONCURRENCY = YES;
				SWIFT_EMIT_LOC_STRINGS = NO;
				SWIFT_UPCOMING_FEATURE_MEMBER_IMPORT_VISIBILITY = YES;
				SWIFT_VERSION = 5.0;
				TEST_TARGET_NAME = DynamicNotch;
			};
			name = Debug;
		};
		F2000000000000000000000A /* Release */ = {
			isa = XCBuildConfiguration;
			buildSettings = {
				"CODE_SIGN_IDENTITY[sdk=macosx*]" = "Apple Development";
				CODE_SIGN_STYLE = Automatic;
				COMBINE_HIDPI_IMAGES = YES;
				CURRENT_PROJECT_VERSION = 1;
				DEAD_CODE_STRIPPING = YES;
				DEVELOPMENT_TEAM = "";
				GENERATE_INFOPLIST_FILE = YES;
				INFOPLIST_KEY_CFBundlePackageType = BNDL;
				MACOSX_DEPLOYMENT_TARGET = 15.6;
				PRODUCT_BUNDLE_IDENTIFIER = com.Jackson.DynamicNotchUITests;
				PRODUCT_NAME = "$(TARGET_NAME)";
				SWIFT_APPROACHABLE_CONCURRENCY = YES;
				SWIFT_EMIT_LOC_STRINGS = NO;
				SWIFT_UPCOMING_FEATURE_MEMBER_IMPORT_VISIBILITY = YES;
				SWIFT_VERSION = 5.0;
				TEST_TARGET_NAME = DynamicNotch;
			};
			name = Release;
		};
		CADE00000000000000000018 /* Debug */ = {
			isa = XCBuildConfiguration;
			buildSettings = {
				CODE_SIGN_IDENTITY = "-";
				CODE_SIGN_STYLE = Manual;
				DEAD_CODE_STRIPPING = YES;
				DEVELOPMENT_TEAM = "";
				ENABLE_HARDENED_RUNTIME = YES;
				GENERATE_INFOPLIST_FILE = YES;
				MACOSX_DEPLOYMENT_TARGET = 14.6;
				PRODUCT_BUNDLE_IDENTIFIER = com.Jackson.dynamicnotch;
				PRODUCT_MODULE_NAME = DynamicNotchCLI;
				PRODUCT_NAME = dynamicnotch;
				SWIFT_APPROACHABLE_CONCURRENCY = YES;
				SWIFT_VERSION = 5.0;
			};
			name = Debug;
		};
		CADE00000000000000000019 /* Release */ = {
			isa = XCBuildConfiguration;
			buildSettings = {
				CODE_SIGN_IDENTITY = "-";
				CODE_SIGN_STYLE = Manual;
				DEAD_CODE_STRIPPING = YES;
				DEVELOPMENT_TEAM = "";
				ENABLE_HARDENED_RUNTIME = YES;
				GENERATE_INFOPLIST_FILE = YES;
				MACOSX_DEPLOYMENT_TARGET = 14.6;
				PRODUCT_BUNDLE_IDENTIFIER = com.Jackson.dynamicnotch;
				PRODUCT_MODULE_NAME = DynamicNotchCLI;
				PRODUCT_NAME = dynamicnotch;
				SWIFT_APPROACHABLE_CONCURRENCY = YES;
				SWIFT_VERSION = 5.0;
			};
			name = Release;
		};
/* End XCBuildConfiguration section */

/* Begin XCConfigurationList section */
		E2EF784C2EDDB60E00F96D1E /* Build configuration list for PBXProject "DynamicNotch" */ = {
			isa = XCConfigurationList;
			buildConfigurations = (
				E2EF785A2EDDB61000F96D1E /* Debug */,
				E2EF785B2EDDB61000F96D1E /* Release */,
			);
			defaultConfigurationIsVisible = 0;
			defaultConfigurationName = Release;
		};
		E2EF785C2EDDB61000F96D1E /* Build configuration list for PBXNativeTarget "DynamicNotch" */ = {
			isa = XCConfigurationList;
			buildConfigurations = (
				E2EF785D2EDDB61000F96D1E /* Debug */,
				E2EF785E2EDDB61000F96D1E /* Release */,
			);
			defaultConfigurationIsVisible = 0;
			defaultConfigurationName = Release;
		};
		F1000000000000000000000B /* Build configuration list for PBXNativeTarget "DynamicNotchTests" */ = {
			isa = XCConfigurationList;
			buildConfigurations = (
				F10000000000000000000009 /* Debug */,
				F1000000000000000000000A /* Release */,
			);
			defaultConfigurationIsVisible = 0;
			defaultConfigurationName = Release;
		};
		F2000000000000000000000B /* Build configuration list for PBXNativeTarget "DynamicNotchUITests" */ = {
			isa = XCConfigurationList;
			buildConfigurations = (
				F20000000000000000000009 /* Debug */,
				F2000000000000000000000A /* Release */,
			);
			defaultConfigurationIsVisible = 0;
			defaultConfigurationName = Release;
		};
		CADE00000000000000000017 /* Build configuration list for PBXNativeTarget "DynamicNotchCLI" */ = {
			isa = XCConfigurationList;
			buildConfigurations = (
				CADE00000000000000000018 /* Debug */,
				CADE00000000000000000019 /* Release */,
			);
			defaultConfigurationIsVisible = 0;
			defaultConfigurationName = Release;
		};
/* End XCConfigurationList section */

/* Begin XCLocalSwiftPackageReference section */
		AAAA000000000000000000A1 /* XCLocalSwiftPackageReference "NotificationContract" */ = {
			isa = XCLocalSwiftPackageReference;
			relativePath = NotificationContract;
		};
/* End XCLocalSwiftPackageReference section */

/* Begin XCRemoteSwiftPackageReference section */
		E2761736300A66E900E79207 /* XCRemoteSwiftPackageReference "Sparkle" */ = {
			isa = XCRemoteSwiftPackageReference;
			repositoryURL = "https://github.com/sparkle-project/Sparkle";
			requirement = {
				kind = upToNextMajorVersion;
				minimumVersion = 2.9.4;
			};
		};
		E2C135B52F59FA8100348421 /* XCRemoteSwiftPackageReference "lottie-ios" */ = {
			isa = XCRemoteSwiftPackageReference;
			repositoryURL = "https://github.com/airbnb/lottie-ios.git";
			requirement = {
				kind = upToNextMajorVersion;
				minimumVersion = 4.6.0;
			};
		};
		CADE000000000000000000A1 /* XCRemoteSwiftPackageReference "swift-argument-parser" */ = {
			isa = XCRemoteSwiftPackageReference;
			repositoryURL = "https://github.com/apple/swift-argument-parser";
			requirement = {
				kind = upToNextMajorVersion;
				minimumVersion = 1.5.0;
			};
		};
/* End XCRemoteSwiftPackageReference section */

/* Begin XCSwiftPackageProductDependency section */
		AAAA000000000000000000A2 /* NotificationContract */ = {
			isa = XCSwiftPackageProductDependency;
			package = AAAA000000000000000000A1 /* XCLocalSwiftPackageReference "NotificationContract" */;
			productName = NotificationContract;
		};
		AAAA000000000000000000A3 /* NotificationContract */ = {
			isa = XCSwiftPackageProductDependency;
			package = AAAA000000000000000000A1 /* XCLocalSwiftPackageReference "NotificationContract" */;
			productName = NotificationContract;
		};
		E2761737300A66E900E79207 /* Sparkle */ = {
			isa = XCSwiftPackageProductDependency;
			package = E2761736300A66E900E79207 /* XCRemoteSwiftPackageReference "Sparkle" */;
			productName = Sparkle;
		};
		E2C135B62F59FA8100348421 /* Lottie */ = {
			isa = XCSwiftPackageProductDependency;
			package = E2C135B52F59FA8100348421 /* XCRemoteSwiftPackageReference "lottie-ios" */;
			productName = Lottie;
		};
		CADE000000000000000000A2 /* ArgumentParser */ = {
			isa = XCSwiftPackageProductDependency;
			package = CADE000000000000000000A1 /* XCRemoteSwiftPackageReference "swift-argument-parser" */;
			productName = ArgumentParser;
		};
		CADE000000000000000000A3 /* NotificationContract */ = {
			isa = XCSwiftPackageProductDependency;
			package = AAAA000000000000000000A1 /* XCLocalSwiftPackageReference "NotificationContract" */;
			productName = NotificationContract;
		};
/* End XCSwiftPackageProductDependency section */
	};
	rootObject = E2EF78492EDDB60E00F96D1E /* Project object */;
}
